
Microsoft Visual Studio Solution File, Format Version 12.00
# Visual Studio Version 16
VisualStudioVersion = 16.0.29709.97
MinimumVisualStudioVersion = 10.0.40219.1
Project("{FAE04EC0-301F-11D3-BF4B-00C04F79EFBC}") = "test_dll", "test_dll.csproj", "{364AE93D-B381-4E8D-B5F6-ED66B3A45C24}"
EndProject
Global
	GlobalSection(SolutionConfigurationPlatforms) = preSolution
		Debug|Any CPU = Debug|Any CPU
		Release|Any CPU = Release|Any CPU
	EndGlobalSection
	GlobalSection(ProjectConfigurationPlatforms) = postSolution
		{364AE93D-B381-4E8D-B5F6-ED66B3A45C24}.Debug|Any CPU.ActiveCfg = Debug|Any CPU
		{364AE93D-B381-4E8D-B5F6-ED66B3A45C24}.Debug|Any CPU.Build.0 = Debug|Any CPU
		{364AE93D-B381-4E8D-B5F6-ED66B3A45C24}.Release|Any CPU.ActiveCfg = Release|Any CPU
		{364AE93D-B381-4E8D-B5F6-ED66B3A45C24}.Release|Any CPU.Build.0 = Release|Any CPU
	EndGlobalSection
	GlobalSection(SolutionProperties) = preSolution
		HideSolutionNode = FALSE
	EndGlobalSection
	GlobalSection(ExtensibilityGlobals) = postSolution
		SolutionGuid = {F5988E8B-4013-4F82-98A2-819C84EC7E3F}
	EndGlobalSection
EndGlobal
